// !$*UTF8*$!
{
	archiveVersion = 1;
	classes = {
	};
	objectVersion = 56;
	objects = {

/* Begin PBXBuildFile section */
		B518C414299B572C00A33295 /* FilmCollectionViewCell.xib in Resources */ = {isa = PBXBuildFile; fileRef = B518C413299B572C00A33295 /* FilmCollectionViewCell.xib */; };
		B566177E2992BB1600D24AC2 /* AppDelegate.swift in Sources */ = {isa = PBXBuildFile; fileRef = B566177D2992BB1600D24AC2 /* AppDelegate.swift */; };
		B56617802992BB1600D24AC2 /* SceneDelegate.swift in Sources */ = {isa = PBXBuildFile; fileRef = B566177F2992BB1600D24AC2 /* SceneDelegate.swift */; };
		B56617822992BB1600D24AC2 /* ViewController.swift in Sources */ = {isa = PBXBuildFile; fileRef = B56617812992BB1600D24AC2 /* ViewController.swift */; };
		B56617852992BB1600D24AC2 /* Main.storyboard in Resources */ = {isa = PBXBuildFile; fileRef = B56617832992BB1600D24AC2 /* Main.storyboard */; };
		B56617872992BB1800D24AC2 /* Assets.xcassets in Resources */ = {isa = PBXBuildFile; fileRef = B56617862992BB1800D24AC2 /* Assets.xcassets */; };
		B566178A2992BB1800D24AC2 /* LaunchScreen.storyboard in Resources */ = {isa = PBXBuildFile; fileRef = B56617882992BB1800D24AC2 /* LaunchScreen.storyboard */; };
		B56617922992BB3800D24AC2 /* JSONModel.swift in Sources */ = {isa = PBXBuildFile; fileRef = B56617912992BB3800D24AC2 /* JSONModel.swift */; };
		B56617942992BC5600D24AC2 /* MainViewController.swift in Sources */ = {isa = PBXBuildFile; fileRef = B56617932992BC5600D24AC2 /* MainViewController.swift */; };
		B56617962992BC6900D24AC2 /* FavoriteFilmsViewController.swift in Sources */ = {isa = PBXBuildFile; fileRef = B56617952992BC6900D24AC2 /* FavoriteFilmsViewController.swift */; };
		B56617982992BC7600D24AC2 /* DetailFilmViewController.swift in Sources */ = {isa = PBXBuildFile; fileRef = B56617972992BC7600D24AC2 /* DetailFilmViewController.swift */; };
		B566179A2992BC8400D24AC2 /* FilmPicsViewController.swift in Sources */ = {isa = PBXBuildFile; fileRef = B56617992992BC8400D24AC2 /* FilmPicsViewController.swift */; };
		B566179C2992BC9200D24AC2 /* FullPicViewController.swift in Sources */ = {isa = PBXBuildFile; fileRef = B566179B2992BC9200D24AC2 /* FullPicViewController.swift */; };
		B573000729A6343600B4793A /* PosterFullViewController.swift in Sources */ = {isa = PBXBuildFile; fileRef = B573000629A6343600B4793A /* PosterFullViewController.swift */; };
		B58E5306299393F6008E2FB5 /* FilmCollectionViewCell.swift in Sources */ = {isa = PBXBuildFile; fileRef = B58E5305299393F6008E2FB5 /* FilmCollectionViewCell.swift */; };
		B5CDDF7729A4B7F100E517A0 /* DetailFilmCollectionViewCell.swift in Sources */ = {isa = PBXBuildFile; fileRef = B5CDDF7629A4B7F100E517A0 /* DetailFilmCollectionViewCell.swift */; };
/* End PBXBuildFile section */

/* Begin PBXFileReference section */
		B518C413299B572C00A33295 /* FilmCollectionViewCell.xib */ = {isa = PBXFileReference; lastKnownFileType = file.xib; path = FilmCollectionViewCell.xib; sourceTree = "<group>"; };
		B566177A2992BB1600D24AC2 /* FilimsAppStoryboard.app */ = {isa = PBXFileReference; explicitFileType = wrapper.application; includeInIndex = 0; path = FilimsAppStoryboard.app; sourceTree = BUILT_PRODUCTS_DIR; };
		B566177D2992BB1600D24AC2 /* AppDelegate.swift */ = {isa = PBXFileReference; lastKnownFileType = sourcecode.swift; path = AppDelegate.swift; sourceTree = "<group>"; };
		B566177F2992BB1600D24AC2 /* SceneDelegate.swift */ = {isa = PBXFileReference; lastKnownFileType = sourcecode.swift; path = SceneDelegate.swift; sourceTree = "<group>"; };
		B56617812992BB1600D24AC2 /* ViewController.swift */ = {isa = PBXFileReference; lastKnownFileType = sourcecode.swift; path = ViewController.swift; sourceTree = "<group>"; };
		B56617842992BB1600D24AC2 /* Base */ = {isa = PBXFileReference; lastKnownFileType = file.storyboard; name = Base; path = Base.lproj/Main.storyboard; sourceTree = "<group>"; };
		B56617862992BB1800D24AC2 /* Assets.xcassets */ = {isa = PBXFileReference; lastKnownFileType = folder.assetcatalog; path = Assets.xcassets; sourceTree = "<group>"; };
		B56617892992BB1800D24AC2 /* Base */ = {isa = PBXFileReference; lastKnownFileType = file.storyboard; name = Base; path = Base.lproj/LaunchScreen.storyboard; sourceTree = "<group>"; };
		B566178B2992BB1800D24AC2 /* Info.plist */ = {isa = PBXFileReference; lastKnownFileType = text.plist.xml; path = Info.plist; sourceTree = "<group>"; };
		B56617912992BB3800D24AC2 /* JSONModel.swift */ = {isa = PBXFileReference; lastKnownFileType = sourcecode.swift; path = JSONModel.swift; sourceTree = "<group>"; };
		B56617932992BC5600D24AC2 /* MainViewController.swift */ = {isa = PBXFileReference; lastKnownFileType = sourcecode.swift; path = MainViewController.swift; sourceTree = "<group>"; };
		B56617952992BC6900D24AC2 /* FavoriteFilmsViewController.swift */ = {isa = PBXFileReference; lastKnownFileType = sourcecode.swift; path = FavoriteFilmsViewController.swift; sourceTree = "<group>"; };
		B56617972992BC7600D24AC2 /* DetailFilmViewController.swift */ = {isa = PBXFileReference; lastKnownFileType = sourcecode.swift; path = DetailFilmViewController.swift; sourceTree = "<group>"; };
		B56617992992BC8400D24AC2 /* FilmPicsViewController.swift */ = {isa = PBXFileReference; lastKnownFileType = sourcecode.swift; path = FilmPicsViewController.swift; sourceTree = "<group>"; };
		B566179B2992BC9200D24AC2 /* FullPicViewController.swift */ = {isa = PBXFileReference; lastKnownFileType = sourcecode.swift; path = FullPicViewController.swift; sourceTree = "<group>"; };
		B573000629A6343600B4793A /* PosterFullViewController.swift */ = {isa = PBXFileReference; lastKnownFileType = sourcecode.swift; path = PosterFullViewController.swift; sourceTree = "<group>"; };
		B58E5305299393F6008E2FB5 /* FilmCollectionViewCell.swift */ = {isa = PBXFileReference; lastKnownFileType = sourcecode.swift; path = FilmCollectionViewCell.swift; sourceTree = "<group>"; };
		B5CDDF7629A4B7F100E517A0 /* DetailFilmCollectionViewCell.swift */ = {isa = PBXFileReference; lastKnownFileType = sourcecode.swift; path = DetailFilmCollectionViewCell.swift; sourceTree = "<group>"; };
/* End PBXFileReference section */

/* Begin PBXFrameworksBuildPhase section */
		B56617772992BB1600D24AC2 /* Frameworks */ = {
			isa = PBXFrameworksBuildPhase;
			buildActionMask = 2147483647;
			files = (
			);
			runOnlyForDeploymentPostprocessing = 0;
		};
/* End PBXFrameworksBuildPhase section */

/* Begin PBXGroup section */
		B56617712992BB1600D24AC2 = {
			isa = PBXGroup;
			children = (
				B566177C2992BB1600D24AC2 /* FilimsAppStoryboard */,
				B566177B2992BB1600D24AC2 /* Products */,
			);
			sourceTree = "<group>";
		};
		B566177B2992BB1600D24AC2 /* Products */ = {
			isa = PBXGroup;
			children = (
				B566177A2992BB1600D24AC2 /* FilimsAppStoryboard.app */,
			);
			name = Products;
			sourceTree = "<group>";
		};
		B566177C2992BB1600D24AC2 /* FilimsAppStoryboard */ = {
			isa = PBXGroup;
			children = (
				B566177D2992BB1600D24AC2 /* AppDelegate.swift */,
				B566177F2992BB1600D24AC2 /* SceneDelegate.swift */,
				B56617812992BB1600D24AC2 /* ViewController.swift */,
				B56617832992BB1600D24AC2 /* Main.storyboard */,
				B56617862992BB1800D24AC2 /* Assets.xcassets */,
				B56617882992BB1800D24AC2 /* LaunchScreen.storyboard */,
				B566178B2992BB1800D24AC2 /* Info.plist */,
				B56617932992BC5600D24AC2 /* MainViewController.swift */,
				B58E5305299393F6008E2FB5 /* FilmCollectionViewCell.swift */,
				B518C413299B572C00A33295 /* FilmCollectionViewCell.xib */,
				B56617972992BC7600D24AC2 /* DetailFilmViewController.swift */,
				B5CDDF7629A4B7F100E517A0 /* DetailFilmCollectionViewCell.swift */,
				B56617952992BC6900D24AC2 /* FavoriteFilmsViewController.swift */,
				B56617992992BC8400D24AC2 /* FilmPicsViewController.swift */,
				B566179B2992BC9200D24AC2 /* FullPicViewController.swift */,
				B56617912992BB3800D24AC2 /* JSONModel.swift */,
				B573000629A6343600B4793A /* PosterFullViewController.swift */,
			);
			path = FilimsAppStoryboard;
			sourceTree = "<group>";
		};
/* End PBXGroup section */

/* Begin PBXNativeTarget section */
		B56617792992BB1600D24AC2 /* FilimsAppStoryboard */ = {
			isa = PBXNativeTarget;
			buildConfigurationList = B566178E2992BB1800D24AC2 /* Build configuration list for PBXNativeTarget "FilimsAppStoryboard" */;
			buildPhases = (
				B56617762992BB1600D24AC2 /* Sources */,
				B56617772992BB1600D24AC2 /* Frameworks */,
				B56617782992BB1600D24AC2 /* Resources */,
			);
			buildRules = (
			);
			dependencies = (
			);
			name = FilimsAppStoryboard;
			productName = FilimsAppStoryboard;
			productReference = B566177A2992BB1600D24AC2 /* FilimsAppStoryboard.app */;
			productType = "com.apple.product-type.application";
		};
/* End PBXNativeTarget section */

/* Begin PBXProject section */
		B56617722992BB1600D24AC2 /* Project object */ = {
			isa = PBXProject;
			attributes = {
				BuildIndependentTargetsInParallel = 1;
				LastSwiftUpdateCheck = 1420;
				LastUpgradeCheck = 1420;
				TargetAttributes = {
					B56617792992BB1600D24AC2 = {
						CreatedOnToolsVersion = 14.2;
					};
				};
			};
			buildConfigurationList = B56617752992BB1600D24AC2 /* Build configuration list for PBXProject "FilimsAppStoryboard" */;
			compatibilityVersion = "Xcode 14.0";
			developmentRegion = en;
			hasScannedForEncodings = 0;
			knownRegions = (
				en,
				Base,
			);
			mainGroup = B56617712992BB1600D24AC2;
			productRefGroup = B566177B2992BB1600D24AC2 /* Products */;
			projectDirPath = "";
			projectRoot = "";
			targets = (
				B56617792992BB1600D24AC2 /* FilimsAppStoryboard */,
			);
		};
/* End PBXProject section */

/* Begin PBXResourcesBuildPhase section */
		B56617782992BB1600D24AC2 /* Resources */ = {
			isa = PBXResourcesBuildPhase;
			buildActionMask = 2147483647;
			files = (
				B566178A2992BB1800D24AC2 /* LaunchScreen.storyboard in Resources */,
				B56617872992BB1800D24AC2 /* Assets.xcassets in Resources */,
				B518C414299B572C00A33295 /* FilmCollectionViewCell.xib in Resources */,
				B56617852992BB1600D24AC2 /* Main.storyboard in Resources */,
			);
			runOnlyForDeploymentPostprocessing = 0;
		};
/* End PBXResourcesBuildPhase section */

/* Begin PBXSourcesBuildPhase section */
		B56617762992BB1600D24AC2 /* Sources */ = {
			isa = PBXSourcesBuildPhase;
			buildActionMask = 2147483647;
			files = (
				B573000729A6343600B4793A /* PosterFullViewController.swift in Sources */,
				B56617822992BB1600D24AC2 /* ViewController.swift in Sources */,
				B56617982992BC7600D24AC2 /* DetailFilmViewController.swift in Sources */,
				B56617922992BB3800D24AC2 /* JSONModel.swift in Sources */,
				B566179C2992BC9200D24AC2 /* FullPicViewController.swift in Sources */,
				B5CDDF7729A4B7F100E517A0 /* DetailFilmCollectionViewCell.swift in Sources */,
				B56617962992BC6900D24AC2 /* FavoriteFilmsViewController.swift in Sources */,
				B566177E2992BB1600D24AC2 /* AppDelegate.swift in Sources */,
				B58E5306299393F6008E2FB5 /* FilmCollectionViewCell.swift in Sources */,
				B566179A2992BC8400D24AC2 /* FilmPicsViewController.swift in Sources */,
				B56617802992BB1600D24AC2 /* SceneDelegate.swift in Sources */,
				B56617942992BC5600D24AC2 /* MainViewController.swift in Sources */,
			);
			runOnlyForDeploymentPostprocessing = 0;
		};
/* End PBXSourcesBuildPhase section */

/* Begin PBXVariantGroup section */
		B56617832992BB1600D24AC2 /* Main.storyboard */ = {
			isa = PBXVariantGroup;
			children = (
				B56617842992BB1600D24AC2 /* Base */,
			);
			name = Main.storyboard;
			sourceTree = "<group>";
		};
		B56617882992BB1800D24AC2 /* LaunchScreen.storyboard */ = {
			isa = PBXVariantGroup;
			children = (
				B56617892992BB1800D24AC2 /* Base */,
			);
			name = LaunchScreen.storyboard;
			sourceTree = "<group>";
		};
/* End PBXVariantGroup section */

/* Begin XCBuildConfiguration section */
		B566178C2992BB1800D24AC2 /* Debug */ = {
			isa = XCBuildConfiguration;
			buildSettings = {
				ALWAYS_SEARCH_USER_PATHS = NO;
				CLANG_ANALYZER_NONNULL = YES;
				CLANG_ANALYZER_NUMBER_OBJECT_CONVERSION = YES_AGGRESSIVE;
				CLANG_CXX_LANGUAGE_STANDARD = "gnu++20";
				CLANG_ENABLE_MODULES = YES;
				CLANG_ENABLE_OBJC_ARC = YES;
				CLANG_ENABLE_OBJC_WEAK = YES;
				CLANG_WARN_BLOCK_CAPTURE_AUTORELEASING = YES;
				CLANG_WARN_BOOL_CONVERSION = YES;
				CLANG_WARN_COMMA = YES;
				CLANG_WARN_CONSTANT_CONVERSION = YES;
				CLANG_WARN_DEPRECATED_OBJC_IMPLEMENTATIONS = YES;
				CLANG_WARN_DIRECT_OBJC_ISA_USAGE = YES_ERROR;
				CLANG_WARN_DOCUMENTATION_COMMENTS = YES;
				CLANG_WARN_EMPTY_BODY = YES;
				CLANG_WARN_ENUM_CONVERSION = YES;
				CLANG_WARN_INFINITE_RECURSION = YES;
				CLANG_WARN_INT_CONVERSION = YES;
				CLANG_WARN_NON_LITERAL_NULL_CONVERSION = YES;
				CLANG_WARN_OBJC_IMPLICIT_RETAIN_SELF = YES;
				CLANG_WARN_OBJC_LITERAL_CONVERSION = YES;
				CLANG_WARN_OBJC_ROOT_CLASS = YES_ERROR;
				CLANG_WARN_QUOTED_INCLUDE_IN_FRAMEWORK_HEADER = YES;
				CLANG_WARN_RANGE_LOOP_ANALYSIS = YES;
				CLANG_WARN_STRICT_PROTOTYPES = YES;
				CLANG_WARN_SUSPICIOUS_MOVE = YES;
				CLANG_WARN_UNGUARDED_AVAILABILITY = YES_AGGRESSIVE;
				CLANG_WARN_UNREACHABLE_CODE = YES;
				CLANG_WARN__DUPLICATE_METHOD_MATCH = YES;
				COPY_PHASE_STRIP = NO;
				DEBUG_INFORMATION_FORMAT = dwarf;
				ENABLE_STRICT_OBJC_MSGSEND = YES;
				ENABLE_TESTABILITY = YES;
				GCC_C_LANGUAGE_STANDARD = gnu11;
				GCC_DYNAMIC_NO_PIC = NO;
				GCC_NO_COMMON_BLOCKS = YES;
				GCC_OPTIMIZATION_LEVEL = 0;
				GCC_PREPROCESSOR_DEFINITIONS = (
					"DEBUG=1",
					"$(inherited)",
				);
				GCC_WARN_64_TO_32_BIT_CONVERSION = YES;
				GCC_WARN_ABOUT_RETURN_TYPE = YES_ERROR;
				GCC_WARN_UNDECLARED_SELECTOR = YES;
				GCC_WARN_UNINITIALIZED_AUTOS = YES_AGGRESSIVE;
				GCC_WARN_UNUSED_FUNCTION = YES;
				GCC_WARN_UNUSED_VARIABLE = YES;
				IPHONEOS_DEPLOYMENT_TARGET = 16.2;
				MTL_ENABLE_DEBUG_INFO = INCLUDE_SOURCE;
				MTL_FAST_MATH = YES;
				ONLY_ACTIVE_ARCH = YES;
				SDKROOT = iphoneos;
				SWIFT_ACTIVE_COMPILATION_CONDITIONS = DEBUG;
				SWIFT_OPTIMIZATION_LEVEL = "-Onone";
			};
			name = Debug;
		};
		B566178D2992BB1800D24AC2 /* Release */ = {
			isa = XCBuildConfiguration;
			buildSettings = {
				ALWAYS_SEARCH_USER_PATHS = NO;
				CLANG_ANALYZER_NONNULL = YES;
				CLANG_ANALYZER_NUMBER_OBJECT_CONVERSION = YES_AGGRESSIVE;
				CLANG_CXX_LANGUAGE_STANDARD = "gnu++20";
				CLANG_ENABLE_MODULES = YES;
				CLANG_ENABLE_OBJC_ARC = YES;
				CLANG_ENABLE_OBJC_WEAK = YES;
				CLANG_WARN_BLOCK_CAPTURE_AUTORELEASING = YES;
				CLANG_WARN_BOOL_CONVERSION = YES;
				CLANG_WARN_COMMA = YES;
				CLANG_WARN_CONSTANT_CONVERSION = YES;
				CLANG_WARN_DEPRECATED_OBJC_IMPLEMENTATIONS = YES;
				CLANG_WARN_DIRECT_OBJC_ISA_USAGE = YES_ERROR;
				CLANG_WARN_DOCUMENTATION_COMMENTS = YES;
				CLANG_WARN_EMPTY_BODY = YES;
				CLANG_WARN_ENUM_CONVERSION = YES;
				CLANG_WARN_INFINITE_RECURSION = YES;
				CLANG_WARN_INT_CONVERSION = YES;
				CLANG_WARN_NON_LITERAL_NULL_CONVERSION = YES;
				CLANG_WARN_OBJC_IMPLICIT_RETAIN_SELF = YES;
				CLANG_WARN_OBJC_LITERAL_CONVERSION = YES;
				CLANG_WARN_OBJC_ROOT_CLASS = YES_ERROR;
				CLANG_WARN_QUOTED_INCLUDE_IN_FRAMEWORK_HEADER = YES;
				CLANG_WARN_RANGE_LOOP_ANALYSIS = YES;
				CLANG_WARN_STRICT_PROTOTYPES = YES;
				CLANG_WARN_SUSPICIOUS_MOVE = YES;
				CLANG_WARN_UNGUARDED_AVAILABILITY = YES_AGGRESSIVE;
				CLANG_WARN_UNREACHABLE_CODE = YES;
				CLANG_WARN__DUPLICATE_METHOD_MATCH = YES;
				COPY_PHASE_STRIP = NO;
				DEBUG_INFORMATION_FORMAT = "dwarf-with-dsym";
				ENABLE_NS_ASSERTIONS = NO;
				ENABLE_STRICT_OBJC_MSGSEND = YES;
				GCC_C_LANGUAGE_STANDARD = gnu11;
				GCC_NO_COMMON_BLOCKS = YES;
				GCC_WARN_64_TO_32_BIT_CONVERSION = YES;
				GCC_WARN_ABOUT_RETURN_TYPE = YES_ERROR;
				GCC_WARN_UNDECLARED_SELECTOR = YES;
				GCC_WARN_UNINITIALIZED_AUTOS = YES_AGGRESSIVE;
				GCC_WARN_UNUSED_FUNCTION = YES;
				GCC_WARN_UNUSED_VARIABLE = YES;
				IPHONEOS_DEPLOYMENT_TARGET = 16.2;
				MTL_ENABLE_DEBUG_INFO = NO;
				MTL_FAST_MATH = YES;
				SDKROOT = iphoneos;
				SWIFT_COMPILATION_MODE = wholemodule;
				SWIFT_OPTIMIZATION_LEVEL = "-O";
				VALIDATE_PRODUCT = YES;
			};
			name = Release;
		};
		B566178F2992BB1800D24AC2 /* Debug */ = {
			isa = XCBuildConfiguration;
			buildSettings = {
				ASSETCATALOG_COMPILER_APPICON_NAME = AppIcon;
				ASSETCATALOG_COMPILER_GLOBAL_ACCENT_COLOR_NAME = AccentColor;
				CODE_SIGN_STYLE = Automatic;
				CURRENT_PROJECT_VERSION = 1;
				DEVELOPMENT_TEAM = FN66JN9TVU;
				GENERATE_INFOPLIST_FILE = YES;
				INFOPLIST_FILE = FilimsAppStoryboard/Info.plist;
				INFOPLIST_KEY_UIApplicationSupportsIndirectInputEvents = YES;
				INFOPLIST_KEY_UILaunchStoryboardName = LaunchScreen;
				INFOPLIST_KEY_UIMainStoryboardFile = Main;
				INFOPLIST_KEY_UISupportedInterfaceOrientations_iPad = "UIInterfaceOrientationPortrait UIInterfaceOrientationPortraitUpsideDown UIInterfaceOrientationLandscapeLeft UIInterfaceOrientationLandscapeRight";
				INFOPLIST_KEY_UISupportedInterfaceOrientations_iPhone = "UIInterfaceOrientationPortrait UIInterfaceOrientationLandscapeLeft UIInterfaceOrientationLandscapeRight";
				IPHONEOS_DEPLOYMENT_TARGET = 15.0;
				LD_RUNPATH_SEARCH_PATHS = (
					"$(inherited)",
					"@executable_path/Frameworks",
				);
				MARKETING_VERSION = 1.0;
				PRODUCT_BUNDLE_IDENTIFIER = uz.IsmailovRuslan.FilimsAppStoryboard;
				PRODUCT_NAME = "$(TARGET_NAME)";
				SUPPORTED_PLATFORMS = "iphoneos iphonesimulator";
				SUPPORTS_MACCATALYST = NO;
				SUPPORTS_MAC_DESIGNED_FOR_IPHONE_IPAD = NO;
				SWIFT_EMIT_LOC_STRINGS = YES;
				SWIFT_VERSION = 5.0;
				TARGETED_DEVICE_FAMILY = "1,2";
			};
			name = Debug;
		};
		B56617902992BB1800D24AC2 /* Release */ = {
			isa = XCBuildConfiguration;
			buildSettings = {
				ASSETCATALOG_COMPILER_APPICON_NAME = AppIcon;
				ASSETCATALOG_COMPILER_GLOBAL_ACCENT_COLOR_NAME = AccentColor;
				CODE_SIGN_STYLE = Automatic;
				CURRENT_PROJECT_VERSION = 1;
				DEVELOPMENT_TEAM = FN66JN9TVU;
				GENERATE_INFOPLIST_FILE = YES;
				INFOPLIST_FILE = FilimsAppStoryboard/Info.plist;
				INFOPLIST_KEY_UIApplicationSupportsIndirectInputEvents = YES;
				INFOPLIST_KEY_UILaunchStoryboardName = LaunchScreen;
				INFOPLIST_KEY_UIMainStoryboardFile = Main;
				INFOPLIST_KEY_UISupportedInterfaceOrientations_iPad = "UIInterfaceOrientationPortrait UIInterfaceOrientationPortraitUpsideDown UIInterfaceOrientationLandscapeLeft UIInterfaceOrientationLandscapeRight";
				INFOPLIST_KEY_UISupportedInterfaceOrientations_iPhone = "UIInterfaceOrientationPortrait UIInterfaceOrientationLandscapeLeft UIInterfaceOrientationLandscapeRight";
				IPHONEOS_DEPLOYMENT_TARGET = 15.0;
				LD_RUNPATH_SEARCH_PATHS = (
					"$(inherited)",
					"@executable_path/Frameworks",
				);
				MARKETING_VERSION = 1.0;
				PRODUCT_BUNDLE_IDENTIFIER = uz.IsmailovRuslan.FilimsAppStoryboard;
				PRODUCT_NAME = "$(TARGET_NAME)";
				SUPPORTED_PLATFORMS = "iphoneos iphonesimulator";
				SUPPORTS_MACCATALYST = NO;
				SUPPORTS_MAC_DESIGNED_FOR_IPHONE_IPAD = NO;
				SWIFT_EMIT_LOC_STRINGS = YES;
				SWIFT_VERSION = 5.0;
				TARGETED_DEVICE_FAMILY = "1,2";
			};
			name = Release;
		};
/* End XCBuildConfiguration section */

/* Begin XCConfigurationList section */
		B56617752992BB1600D24AC2 /* Build configuration list for PBXProject "FilimsAppStoryboard" */ = {
			isa = XCConfigurationList;
			buildConfigurations = (
				B566178C2992BB1800D24AC2 /* Debug */,
				B566178D2992BB1800D24AC2 /* Release */,
			);
			defaultConfigurationIsVisible = 0;
			defaultConfigurationName = Release;
		};
		B566178E2992BB1800D24AC2 /* Build configuration list for PBXNativeTarget "FilimsAppStoryboard" */ = {
			isa = XCConfigurationList;
			buildConfigurations = (
				B566178F2992BB1800D24AC2 /* Debug */,
				B56617902992BB1800D24AC2 /* Release */,
			);
			defaultConfigurationIsVisible = 0;
			defaultConfigurationName = Release;
		};
/* End XCConfigurationList section */
	};
	rootObject = B56617722992BB1600D24AC2 /* Project object */;
}
