// !$*UTF8*$!
{
	archiveVersion = 1;
	classes = {
	};
	objectVersion = 56;
	objects = {

/* Begin PBXBuildFile section */
		B55D9F4729B71F0C0084885E /* MainFilmCollectionViewCell.xib in Resources */ = {isa = PBXBuildFile; fileRef = B55D9F4629B71F0C0084885E /* MainFilmCollectionViewCell.xib */; };
		B55D9F4A29B735D10084885E /* FavoriteCollectionViewCell.swift in Sources */ = {isa = PBXBuildFile; fileRef = B55D9F4829B735D10084885E /* FavoriteCollectionViewCell.swift */; };
		B55D9F4B29B735D10084885E /* FavoriteCollectionViewCell.xib in Resources */ = {isa = PBXBuildFile; fileRef = B55D9F4929B735D10084885E /* FavoriteCollectionViewCell.xib */; };
		B566177E2992BB1600D24AC2 /* AppDelegate.swift in Sources */ = {isa = PBXBuildFile; fileRef = B566177D2992BB1600D24AC2 /* AppDelegate.swift */; };
		B56617802992BB1600D24AC2 /* SceneDelegate.swift in Sources */ = {isa = PBXBuildFile; fileRef = B566177F2992BB1600D24AC2 /* SceneDelegate.swift */; };
		B56617852992BB1600D24AC2 /* Main.storyboard in Resources */ = {isa = PBXBuildFile; fileRef = B56617832992BB1600D24AC2 /* Main.storyboard */; };
		B56617872992BB1800D24AC2 /* Assets.xcassets in Resources */ = {isa = PBXBuildFile; fileRef = B56617862992BB1800D24AC2 /* Assets.xcassets */; };
		B566178A2992BB1800D24AC2 /* LaunchScreen.storyboard in Resources */ = {isa = PBXBuildFile; fileRef = B56617882992BB1800D24AC2 /* LaunchScreen.storyboard */; };
		B56617922992BB3800D24AC2 /* JSONModel.swift in Sources */ = {isa = PBXBuildFile; fileRef = B56617912992BB3800D24AC2 /* JSONModel.swift */; };
		B56617942992BC5600D24AC2 /* MainViewController.swift in Sources */ = {isa = PBXBuildFile; fileRef = B56617932992BC5600D24AC2 /* MainViewController.swift */; };
		B56617962992BC6900D24AC2 /* FavoriteFilmsViewController.swift in Sources */ = {isa = PBXBuildFile; fileRef = B56617952992BC6900D24AC2 /* FavoriteFilmsViewController.swift */; };
		B56617982992BC7600D24AC2 /* DetailFilmViewController.swift in Sources */ = {isa = PBXBuildFile; fileRef = B56617972992BC7600D24AC2 /* DetailFilmViewController.swift */; };
		B566179A2992BC8400D24AC2 /* FilmPicsViewController.swift in Sources */ = {isa = PBXBuildFile; fileRef = B56617992992BC8400D24AC2 /* FilmPicsViewController.swift */; };
		B566179C2992BC9200D24AC2 /* FullPicViewController.swift in Sources */ = {isa = PBXBuildFile; fileRef = B566179B2992BC9200D24AC2 /* FullPicViewController.swift */; };
		B567A45329F9B27B004B3739 /* FilmPicsCollectionViewCell.swift in Sources */ = {isa = PBXBuildFile; fileRef = B567A45229F9B27B004B3739 /* FilmPicsCollectionViewCell.swift */; };
		B5684E6729AF41A600DD46D5 /* RoundingTransition.swift in Sources */ = {isa = PBXBuildFile; fileRef = B5684E6629AF41A600DD46D5 /* RoundingTransition.swift */; };
		B573000729A6343600B4793A /* PosterFullViewController.swift in Sources */ = {isa = PBXBuildFile; fileRef = B573000629A6343600B4793A /* PosterFullViewController.swift */; };
		B58CF79229D874AD00C8182D /* URLService.swift in Sources */ = {isa = PBXBuildFile; fileRef = B58CF79129D874AD00C8182D /* URLService.swift */; };
		B58E5306299393F6008E2FB5 /* MainFilmCollectionViewCell.swift in Sources */ = {isa = PBXBuildFile; fileRef = B58E5305299393F6008E2FB5 /* MainFilmCollectionViewCell.swift */; };
		B5A2089029EF121800EB5974 /* Note.swift in Sources */ = {isa = PBXBuildFile; fileRef = B5A2088F29EF121800EB5974 /* Note.swift */; };
		B5CDDF7729A4B7F100E517A0 /* DetailFilmCollectionViewCell.swift in Sources */ = {isa = PBXBuildFile; fileRef = B5CDDF7629A4B7F100E517A0 /* DetailFilmCollectionViewCell.swift */; };
		B5E1224129E42A4F00D92FFE /* JSONParsingService.swift in Sources */ = {isa = PBXBuildFile; fileRef = B5E1224029E42A4F00D92FFE /* JSONParsingService.swift */; };
		B5E1224329E4606300D92FFE /* IsLikedFilmObjects.swift in Sources */ = {isa = PBXBuildFile; fileRef = B5E1224229E4606300D92FFE /* IsLikedFilmObjects.swift */; };
		B5EA6CDB2A01084D00B1BD27 /* FilimsAppStoryboardTestsTarget.swift in Sources */ = {isa = PBXBuildFile; fileRef = B5EA6CDA2A01084D00B1BD27 /* FilimsAppStoryboardTestsTarget.swift */; };
		B5EA6CE82A01088D00B1BD27 /* FilimsAppStoryboardUITestsTarget.swift in Sources */ = {isa = PBXBuildFile; fileRef = B5EA6CE72A01088D00B1BD27 /* FilimsAppStoryboardUITestsTarget.swift */; };
		B5EA6CEA2A01088D00B1BD27 /* FilimsAppStoryboardUITestsTargetLaunchTests.swift in Sources */ = {isa = PBXBuildFile; fileRef = B5EA6CE92A01088D00B1BD27 /* FilimsAppStoryboardUITestsTargetLaunchTests.swift */; };
		B5FCEF3229D2BD0100890ABF /* FilmObject.swift in Sources */ = {isa = PBXBuildFile; fileRef = B5FCEF3129D2BD0100890ABF /* FilmObject.swift */; };
		B5FFEEED29B71B6B00BE1A65 /* Model.swift in Sources */ = {isa = PBXBuildFile; fileRef = B5FFEEEC29B71B6B00BE1A65 /* Model.swift */; };
		F0933453D6A5E9C1DE67BCDC /* Pods_FilimsAppStoryboard.framework in Frameworks */ = {isa = PBXBuildFile; fileRef = FF3E9BE34F88169395E20FA4 /* Pods_FilimsAppStoryboard.framework */; };
/* End PBXBuildFile section */

/* Begin PBXContainerItemProxy section */
		B5EA6CC22A0103F700B1BD27 /* PBXContainerItemProxy */ = {
			isa = PBXContainerItemProxy;
			containerPortal = B56617722992BB1600D24AC2 /* Project object */;
			proxyType = 1;
			remoteGlobalIDString = B56617792992BB1600D24AC2;
			remoteInfo = FilimsAppStoryboard;
		};
		B5EA6CCF2A01041500B1BD27 /* PBXContainerItemProxy */ = {
			isa = PBXContainerItemProxy;
			containerPortal = B56617722992BB1600D24AC2 /* Project object */;
			proxyType = 1;
			remoteGlobalIDString = B56617792992BB1600D24AC2;
			remoteInfo = FilimsAppStoryboard;
		};
		B5EA6CDC2A01084D00B1BD27 /* PBXContainerItemProxy */ = {
			isa = PBXContainerItemProxy;
			containerPortal = B56617722992BB1600D24AC2 /* Project object */;
			proxyType = 1;
			remoteGlobalIDString = B56617792992BB1600D24AC2;
			remoteInfo = FilimsAppStoryboard;
		};
		B5EA6CEB2A01088D00B1BD27 /* PBXContainerItemProxy */ = {
			isa = PBXContainerItemProxy;
			containerPortal = B56617722992BB1600D24AC2 /* Project object */;
			proxyType = 1;
			remoteGlobalIDString = B56617792992BB1600D24AC2;
			remoteInfo = FilimsAppStoryboard;
		};
/* End PBXContainerItemProxy section */

/* Begin PBXFileReference section */
		7847526721F10186F159740A /* Pods-FilimsAppStoryboard.debug.xcconfig */ = {isa = PBXFileReference; includeInIndex = 1; lastKnownFileType = text.xcconfig; name = "Pods-FilimsAppStoryboard.debug.xcconfig"; path = "Target Support Files/Pods-FilimsAppStoryboard/Pods-FilimsAppStoryboard.debug.xcconfig"; sourceTree = "<group>"; };
		B55D9F4629B71F0C0084885E /* MainFilmCollectionViewCell.xib */ = {isa = PBXFileReference; fileEncoding = 4; lastKnownFileType = file.xib; name = MainFilmCollectionViewCell.xib; path = FilimsAppStoryboard/View/MainFilmCollectionViewCell.xib; sourceTree = SOURCE_ROOT; };
		B55D9F4829B735D10084885E /* FavoriteCollectionViewCell.swift */ = {isa = PBXFileReference; lastKnownFileType = sourcecode.swift; path = FavoriteCollectionViewCell.swift; sourceTree = "<group>"; };
		B55D9F4929B735D10084885E /* FavoriteCollectionViewCell.xib */ = {isa = PBXFileReference; lastKnownFileType = file.xib; path = FavoriteCollectionViewCell.xib; sourceTree = "<group>"; };
		B566177A2992BB1600D24AC2 /* FilimsAppStoryboard.app */ = {isa = PBXFileReference; explicitFileType = wrapper.application; includeInIndex = 0; path = FilimsAppStoryboard.app; sourceTree = BUILT_PRODUCTS_DIR; };
		B566177D2992BB1600D24AC2 /* AppDelegate.swift */ = {isa = PBXFileReference; lastKnownFileType = sourcecode.swift; path = AppDelegate.swift; sourceTree = "<group>"; };
		B566177F2992BB1600D24AC2 /* SceneDelegate.swift */ = {isa = PBXFileReference; lastKnownFileType = sourcecode.swift; path = SceneDelegate.swift; sourceTree = "<group>"; };
		B56617842992BB1600D24AC2 /* Base */ = {isa = PBXFileReference; lastKnownFileType = file.storyboard; name = Base; path = Base.lproj/Main.storyboard; sourceTree = "<group>"; };
		B56617862992BB1800D24AC2 /* Assets.xcassets */ = {isa = PBXFileReference; lastKnownFileType = folder.assetcatalog; path = Assets.xcassets; sourceTree = "<group>"; };
		B56617892992BB1800D24AC2 /* Base */ = {isa = PBXFileReference; lastKnownFileType = file.storyboard; name = Base; path = Base.lproj/LaunchScreen.storyboard; sourceTree = "<group>"; };
		B566178B2992BB1800D24AC2 /* Info.plist */ = {isa = PBXFileReference; lastKnownFileType = text.plist.xml; path = Info.plist; sourceTree = "<group>"; };
		B56617912992BB3800D24AC2 /* JSONModel.swift */ = {isa = PBXFileReference; lastKnownFileType = sourcecode.swift; path = JSONModel.swift; sourceTree = "<group>"; };
		B56617932992BC5600D24AC2 /* MainViewController.swift */ = {isa = PBXFileReference; lastKnownFileType = sourcecode.swift; path = MainViewController.swift; sourceTree = "<group>"; };
		B56617952992BC6900D24AC2 /* FavoriteFilmsViewController.swift */ = {isa = PBXFileReference; lastKnownFileType = sourcecode.swift; path = FavoriteFilmsViewController.swift; sourceTree = "<group>"; };
		B56617972992BC7600D24AC2 /* DetailFilmViewController.swift */ = {isa = PBXFileReference; lastKnownFileType = sourcecode.swift; path = DetailFilmViewController.swift; sourceTree = "<group>"; };
		B56617992992BC8400D24AC2 /* FilmPicsViewController.swift */ = {isa = PBXFileReference; lastKnownFileType = sourcecode.swift; path = FilmPicsViewController.swift; sourceTree = "<group>"; };
		B566179B2992BC9200D24AC2 /* FullPicViewController.swift */ = {isa = PBXFileReference; lastKnownFileType = sourcecode.swift; path = FullPicViewController.swift; sourceTree = "<group>"; };
		B567A45229F9B27B004B3739 /* FilmPicsCollectionViewCell.swift */ = {isa = PBXFileReference; lastKnownFileType = sourcecode.swift; path = FilmPicsCollectionViewCell.swift; sourceTree = "<group>"; };
		B5684E6629AF41A600DD46D5 /* RoundingTransition.swift */ = {isa = PBXFileReference; lastKnownFileType = sourcecode.swift; path = RoundingTransition.swift; sourceTree = "<group>"; };
		B573000629A6343600B4793A /* PosterFullViewController.swift */ = {isa = PBXFileReference; lastKnownFileType = sourcecode.swift; path = PosterFullViewController.swift; sourceTree = "<group>"; };
		B58CF79129D874AD00C8182D /* URLService.swift */ = {isa = PBXFileReference; lastKnownFileType = sourcecode.swift; path = URLService.swift; sourceTree = "<group>"; };
		B58E5305299393F6008E2FB5 /* MainFilmCollectionViewCell.swift */ = {isa = PBXFileReference; lastKnownFileType = sourcecode.swift; name = MainFilmCollectionViewCell.swift; path = FilimsAppStoryboard/View/MainFilmCollectionViewCell.swift; sourceTree = SOURCE_ROOT; };
		B5A2088F29EF121800EB5974 /* Note.swift */ = {isa = PBXFileReference; lastKnownFileType = sourcecode.swift; path = Note.swift; sourceTree = "<group>"; };
		B5CDDF7629A4B7F100E517A0 /* DetailFilmCollectionViewCell.swift */ = {isa = PBXFileReference; lastKnownFileType = sourcecode.swift; path = DetailFilmCollectionViewCell.swift; sourceTree = "<group>"; };
		B5E1224029E42A4F00D92FFE /* JSONParsingService.swift */ = {isa = PBXFileReference; lastKnownFileType = sourcecode.swift; path = JSONParsingService.swift; sourceTree = "<group>"; };
		B5E1224229E4606300D92FFE /* IsLikedFilmObjects.swift */ = {isa = PBXFileReference; lastKnownFileType = sourcecode.swift; path = IsLikedFilmObjects.swift; sourceTree = "<group>"; };
		B5EA6CBC2A0103F700B1BD27 /* FilimsAppStoryboardUITests.xctest */ = {isa = PBXFileReference; explicitFileType = wrapper.cfbundle; includeInIndex = 0; path = FilimsAppStoryboardUITests.xctest; sourceTree = BUILT_PRODUCTS_DIR; };
		B5EA6CCB2A01041500B1BD27 /* FilimsAppStoryboardTests.xctest */ = {isa = PBXFileReference; explicitFileType = wrapper.cfbundle; includeInIndex = 0; path = FilimsAppStoryboardTests.xctest; sourceTree = BUILT_PRODUCTS_DIR; };
		B5EA6CD82A01084D00B1BD27 /* FilimsAppStoryboardTestsTarget.xctest */ = {isa = PBXFileReference; explicitFileType = wrapper.cfbundle; includeInIndex = 0; path = FilimsAppStoryboardTestsTarget.xctest; sourceTree = BUILT_PRODUCTS_DIR; };
		B5EA6CDA2A01084D00B1BD27 /* FilimsAppStoryboardTestsTarget.swift */ = {isa = PBXFileReference; lastKnownFileType = sourcecode.swift; path = FilimsAppStoryboardTestsTarget.swift; sourceTree = "<group>"; };
		B5EA6CE52A01088D00B1BD27 /* FilimsAppStoryboardUITestsTarget.xctest */ = {isa = PBXFileReference; explicitFileType = wrapper.cfbundle; includeInIndex = 0; path = FilimsAppStoryboardUITestsTarget.xctest; sourceTree = BUILT_PRODUCTS_DIR; };
		B5EA6CE72A01088D00B1BD27 /* FilimsAppStoryboardUITestsTarget.swift */ = {isa = PBXFileReference; lastKnownFileType = sourcecode.swift; path = FilimsAppStoryboardUITestsTarget.swift; sourceTree = "<group>"; };
		B5EA6CE92A01088D00B1BD27 /* FilimsAppStoryboardUITestsTargetLaunchTests.swift */ = {isa = PBXFileReference; lastKnownFileType = sourcecode.swift; path = FilimsAppStoryboardUITestsTargetLaunchTests.swift; sourceTree = "<group>"; };
		B5FCEF3129D2BD0100890ABF /* FilmObject.swift */ = {isa = PBXFileReference; lastKnownFileType = sourcecode.swift; path = FilmObject.swift; sourceTree = "<group>"; };
		B5FFEEEC29B71B6B00BE1A65 /* Model.swift */ = {isa = PBXFileReference; lastKnownFileType = sourcecode.swift; path = Model.swift; sourceTree = "<group>"; };
		E0387FA2FD02A714D5DB5E42 /* Pods-FilimsAppStoryboard.release.xcconfig */ = {isa = PBXFileReference; includeInIndex = 1; lastKnownFileType = text.xcconfig; name = "Pods-FilimsAppStoryboard.release.xcconfig"; path = "Target Support Files/Pods-FilimsAppStoryboard/Pods-FilimsAppStoryboard.release.xcconfig"; sourceTree = "<group>"; };
		FF3E9BE34F88169395E20FA4 /* Pods_FilimsAppStoryboard.framework */ = {isa = PBXFileReference; explicitFileType = wrapper.framework; includeInIndex = 0; path = Pods_FilimsAppStoryboard.framework; sourceTree = BUILT_PRODUCTS_DIR; };
/* End PBXFileReference section */

/* Begin PBXFrameworksBuildPhase section */
		B56617772992BB1600D24AC2 /* Frameworks */ = {
			isa = PBXFrameworksBuildPhase;
			buildActionMask = 2147483647;
			files = (
				F0933453D6A5E9C1DE67BCDC /* Pods_FilimsAppStoryboard.framework in Frameworks */,
			);
			runOnlyForDeploymentPostprocessing = 0;
		};
		B5EA6CB92A0103F700B1BD27 /* Frameworks */ = {
			isa = PBXFrameworksBuildPhase;
			buildActionMask = 2147483647;
			files = (
			);
			runOnlyForDeploymentPostprocessing = 0;
		};
		B5EA6CC82A01041500B1BD27 /* Frameworks */ = {
			isa = PBXFrameworksBuildPhase;
			buildActionMask = 2147483647;
			files = (
			);
			runOnlyForDeploymentPostprocessing = 0;
		};
		B5EA6CD52A01084D00B1BD27 /* Frameworks */ = {
			isa = PBXFrameworksBuildPhase;
			buildActionMask = 2147483647;
			files = (
			);
			runOnlyForDeploymentPostprocessing = 0;
		};
		B5EA6CE22A01088D00B1BD27 /* Frameworks */ = {
			isa = PBXFrameworksBuildPhase;
			buildActionMask = 2147483647;
			files = (
			);
			runOnlyForDeploymentPostprocessing = 0;
		};
/* End PBXFrameworksBuildPhase section */

/* Begin PBXGroup section */
		717CF22A80606B7DE8ECAF02 /* Pods */ = {
			isa = PBXGroup;
			children = (
				7847526721F10186F159740A /* Pods-FilimsAppStoryboard.debug.xcconfig */,
				E0387FA2FD02A714D5DB5E42 /* Pods-FilimsAppStoryboard.release.xcconfig */,
			);
			path = Pods;
			sourceTree = "<group>";
		};
		B56617712992BB1600D24AC2 = {
			isa = PBXGroup;
			children = (
				B566177C2992BB1600D24AC2 /* FilimsAppStoryboard */,
				B5EA6CD92A01084D00B1BD27 /* FilimsAppStoryboardTestsTarget */,
				B5EA6CE62A01088D00B1BD27 /* FilimsAppStoryboardUITestsTarget */,
				B566177B2992BB1600D24AC2 /* Products */,
				717CF22A80606B7DE8ECAF02 /* Pods */,
				F6DC3F50BF80FEFC86986704 /* Frameworks */,
			);
			sourceTree = "<group>";
		};
		B566177B2992BB1600D24AC2 /* Products */ = {
			isa = PBXGroup;
			children = (
				B566177A2992BB1600D24AC2 /* FilimsAppStoryboard.app */,
				B5EA6CBC2A0103F700B1BD27 /* FilimsAppStoryboardUITests.xctest */,
				B5EA6CCB2A01041500B1BD27 /* FilimsAppStoryboardTests.xctest */,
				B5EA6CD82A01084D00B1BD27 /* FilimsAppStoryboardTestsTarget.xctest */,
				B5EA6CE52A01088D00B1BD27 /* FilimsAppStoryboardUITestsTarget.xctest */,
			);
			name = Products;
			sourceTree = "<group>";
		};
		B566177C2992BB1600D24AC2 /* FilimsAppStoryboard */ = {
			isa = PBXGroup;
			children = (
				B5A2088E29EF120800EB5974 /* Note */,
				B58CF79029D8748500C8182D /* Service */,
				B566178B2992BB1800D24AC2 /* Info.plist */,
				B5F2348029AF40000081FC2B /* Supporting Files */,
				B5684E6129AF409F00DD46D5 /* Model */,
				B5FFEEEB29B71B1B00BE1A65 /* Controller */,
				B5F2347E29AF3FDE0081FC2B /* View */,
			);
			path = FilimsAppStoryboard;
			sourceTree = "<group>";
		};
		B5684E6129AF409F00DD46D5 /* Model */ = {
			isa = PBXGroup;
			children = (
				B56617912992BB3800D24AC2 /* JSONModel.swift */,
				B5FFEEEC29B71B6B00BE1A65 /* Model.swift */,
				B5FCEF3129D2BD0100890ABF /* FilmObject.swift */,
				B5E1224229E4606300D92FFE /* IsLikedFilmObjects.swift */,
			);
			path = Model;
			sourceTree = "<group>";
		};
		B58CF79029D8748500C8182D /* Service */ = {
			isa = PBXGroup;
			children = (
				B58CF79129D874AD00C8182D /* URLService.swift */,
				B5E1224029E42A4F00D92FFE /* JSONParsingService.swift */,
			);
			path = Service;
			sourceTree = "<group>";
		};
		B5A2088E29EF120800EB5974 /* Note */ = {
			isa = PBXGroup;
			children = (
				B5A2088F29EF121800EB5974 /* Note.swift */,
			);
			path = Note;
			sourceTree = "<group>";
		};
		B5EA6CD92A01084D00B1BD27 /* FilimsAppStoryboardTestsTarget */ = {
			isa = PBXGroup;
			children = (
				B5EA6CDA2A01084D00B1BD27 /* FilimsAppStoryboardTestsTarget.swift */,
			);
			path = FilimsAppStoryboardTestsTarget;
			sourceTree = "<group>";
		};
		B5EA6CE62A01088D00B1BD27 /* FilimsAppStoryboardUITestsTarget */ = {
			isa = PBXGroup;
			children = (
				B5EA6CE72A01088D00B1BD27 /* FilimsAppStoryboardUITestsTarget.swift */,
				B5EA6CE92A01088D00B1BD27 /* FilimsAppStoryboardUITestsTargetLaunchTests.swift */,
			);
			path = FilimsAppStoryboardUITestsTarget;
			sourceTree = "<group>";
		};
		B5F2347E29AF3FDE0081FC2B /* View */ = {
			isa = PBXGroup;
			children = (
				B56617832992BB1600D24AC2 /* Main.storyboard */,
				B5CDDF7629A4B7F100E517A0 /* DetailFilmCollectionViewCell.swift */,
				B58E5305299393F6008E2FB5 /* MainFilmCollectionViewCell.swift */,
				B55D9F4629B71F0C0084885E /* MainFilmCollectionViewCell.xib */,
				B5684E6629AF41A600DD46D5 /* RoundingTransition.swift */,
				B55D9F4829B735D10084885E /* FavoriteCollectionViewCell.swift */,
				B55D9F4929B735D10084885E /* FavoriteCollectionViewCell.xib */,
				B567A45229F9B27B004B3739 /* FilmPicsCollectionViewCell.swift */,
			);
			path = View;
			sourceTree = "<group>";
		};
		B5F2348029AF40000081FC2B /* Supporting Files */ = {
			isa = PBXGroup;
			children = (
				B566177D2992BB1600D24AC2 /* AppDelegate.swift */,
				B566177F2992BB1600D24AC2 /* SceneDelegate.swift */,
				B56617862992BB1800D24AC2 /* Assets.xcassets */,
				B56617882992BB1800D24AC2 /* LaunchScreen.storyboard */,
			);
			path = "Supporting Files";
			sourceTree = "<group>";
		};
		B5FFEEEB29B71B1B00BE1A65 /* Controller */ = {
			isa = PBXGroup;
			children = (
				B56617932992BC5600D24AC2 /* MainViewController.swift */,
				B56617972992BC7600D24AC2 /* DetailFilmViewController.swift */,
				B56617952992BC6900D24AC2 /* FavoriteFilmsViewController.swift */,
				B56617992992BC8400D24AC2 /* FilmPicsViewController.swift */,
				B566179B2992BC9200D24AC2 /* FullPicViewController.swift */,
				B573000629A6343600B4793A /* PosterFullViewController.swift */,
			);
			path = Controller;
			sourceTree = "<group>";
		};
		F6DC3F50BF80FEFC86986704 /* Frameworks */ = {
			isa = PBXGroup;
			children = (
				FF3E9BE34F88169395E20FA4 /* Pods_FilimsAppStoryboard.framework */,
			);
			name = Frameworks;
			sourceTree = "<group>";
		};
/* End PBXGroup section */

/* Begin PBXNativeTarget section */
		B56617792992BB1600D24AC2 /* FilimsAppStoryboard */ = {
			isa = PBXNativeTarget;
			buildConfigurationList = B566178E2992BB1800D24AC2 /* Build configuration list for PBXNativeTarget "FilimsAppStoryboard" */;
			buildPhases = (
				B7410D631C1F37843794770E /* [CP] Check Pods Manifest.lock */,
				B56617762992BB1600D24AC2 /* Sources */,
				B56617772992BB1600D24AC2 /* Frameworks */,
				B56617782992BB1600D24AC2 /* Resources */,
				98DB0450596EEAABB06BAAEA /* [CP] Embed Pods Frameworks */,
			);
			buildRules = (
			);
			dependencies = (
			);
			name = FilimsAppStoryboard;
			productName = FilimsAppStoryboard;
			productReference = B566177A2992BB1600D24AC2 /* FilimsAppStoryboard.app */;
			productType = "com.apple.product-type.application";
		};
		B5EA6CBB2A0103F700B1BD27 /* FilimsAppStoryboardUITests */ = {
			isa = PBXNativeTarget;
			buildConfigurationList = B5EA6CC62A0103F700B1BD27 /* Build configuration list for PBXNativeTarget "FilimsAppStoryboardUITests" */;
			buildPhases = (
				B5EA6CB82A0103F700B1BD27 /* Sources */,
				B5EA6CB92A0103F700B1BD27 /* Frameworks */,
				B5EA6CBA2A0103F700B1BD27 /* Resources */,
			);
			buildRules = (
			);
			dependencies = (
				B5EA6CC32A0103F700B1BD27 /* PBXTargetDependency */,
			);
			name = FilimsAppStoryboardUITests;
			productName = FilimsAppStoryboardUITests;
			productReference = B5EA6CBC2A0103F700B1BD27 /* FilimsAppStoryboardUITests.xctest */;
			productType = "com.apple.product-type.bundle.ui-testing";
		};
		B5EA6CCA2A01041500B1BD27 /* FilimsAppStoryboardTests */ = {
			isa = PBXNativeTarget;
			buildConfigurationList = B5EA6CD12A01041500B1BD27 /* Build configuration list for PBXNativeTarget "FilimsAppStoryboardTests" */;
			buildPhases = (
				B5EA6CC72A01041500B1BD27 /* Sources */,
				B5EA6CC82A01041500B1BD27 /* Frameworks */,
				B5EA6CC92A01041500B1BD27 /* Resources */,
			);
			buildRules = (
			);
			dependencies = (
				B5EA6CD02A01041500B1BD27 /* PBXTargetDependency */,
			);
			name = FilimsAppStoryboardTests;
			productName = FilimsAppStoryboardTests;
			productReference = B5EA6CCB2A01041500B1BD27 /* FilimsAppStoryboardTests.xctest */;
			productType = "com.apple.product-type.bundle.unit-test";
		};
		B5EA6CD72A01084D00B1BD27 /* FilimsAppStoryboardTestsTarget */ = {
			isa = PBXNativeTarget;
			buildConfigurationList = B5EA6CDE2A01084D00B1BD27 /* Build configuration list for PBXNativeTarget "FilimsAppStoryboardTestsTarget" */;
			buildPhases = (
				B5EA6CD42A01084D00B1BD27 /* Sources */,
				B5EA6CD52A01084D00B1BD27 /* Frameworks */,
				B5EA6CD62A01084D00B1BD27 /* Resources */,
			);
			buildRules = (
			);
			dependencies = (
				B5EA6CDD2A01084D00B1BD27 /* PBXTargetDependency */,
			);
			name = FilimsAppStoryboardTestsTarget;
			productName = FilimsAppStoryboardTestsTarget;
			productReference = B5EA6CD82A01084D00B1BD27 /* FilimsAppStoryboardTestsTarget.xctest */;
			productType = "com.apple.product-type.bundle.unit-test";
		};
		B5EA6CE42A01088D00B1BD27 /* FilimsAppStoryboardUITestsTarget */ = {
			isa = PBXNativeTarget;
			buildConfigurationList = B5EA6CED2A01088D00B1BD27 /* Build configuration list for PBXNativeTarget "FilimsAppStoryboardUITestsTarget" */;
			buildPhases = (
				B5EA6CE12A01088D00B1BD27 /* Sources */,
				B5EA6CE22A01088D00B1BD27 /* Frameworks */,
				B5EA6CE32A01088D00B1BD27 /* Resources */,
			);
			buildRules = (
			);
			dependencies = (
				B5EA6CEC2A01088D00B1BD27 /* PBXTargetDependency */,
			);
			name = FilimsAppStoryboardUITestsTarget;
			productName = FilimsAppStoryboardUITestsTarget;
			productReference = B5EA6CE52A01088D00B1BD27 /* FilimsAppStoryboardUITestsTarget.xctest */;
			productType = "com.apple.product-type.bundle.ui-testing";
		};
/* End PBXNativeTarget section */

/* Begin PBXProject section */
		B56617722992BB1600D24AC2 /* Project object */ = {
			isa = PBXProject;
			attributes = {
				BuildIndependentTargetsInParallel = 1;
				LastSwiftUpdateCheck = 1430;
				LastUpgradeCheck = 1420;
				TargetAttributes = {
					B56617792992BB1600D24AC2 = {
						CreatedOnToolsVersion = 14.2;
					};
					B5EA6CBB2A0103F700B1BD27 = {
						CreatedOnToolsVersion = 14.3;
						TestTargetID = B56617792992BB1600D24AC2;
					};
					B5EA6CCA2A01041500B1BD27 = {
						CreatedOnToolsVersion = 14.3;
						TestTargetID = B56617792992BB1600D24AC2;
					};
					B5EA6CD72A01084D00B1BD27 = {
						CreatedOnToolsVersion = 14.3;
						TestTargetID = B56617792992BB1600D24AC2;
					};
					B5EA6CE42A01088D00B1BD27 = {
						CreatedOnToolsVersion = 14.3;
						TestTargetID = B56617792992BB1600D24AC2;
					};
				};
			};
			buildConfigurationList = B56617752992BB1600D24AC2 /* Build configuration list for PBXProject "FilimsAppStoryboard" */;
			compatibilityVersion = "Xcode 14.0";
			developmentRegion = en;
			hasScannedForEncodings = 0;
			knownRegions = (
				en,
				Base,
			);
			mainGroup = B56617712992BB1600D24AC2;
			productRefGroup = B566177B2992BB1600D24AC2 /* Products */;
			projectDirPath = "";
			projectRoot = "";
			targets = (
				B56617792992BB1600D24AC2 /* FilimsAppStoryboard */,
				B5EA6CBB2A0103F700B1BD27 /* FilimsAppStoryboardUITests */,
				B5EA6CCA2A01041500B1BD27 /* FilimsAppStoryboardTests */,
				B5EA6CD72A01084D00B1BD27 /* FilimsAppStoryboardTestsTarget */,
				B5EA6CE42A01088D00B1BD27 /* FilimsAppStoryboardUITestsTarget */,
			);
		};
/* End PBXProject section */

/* Begin PBXResourcesBuildPhase section */
		B56617782992BB1600D24AC2 /* Resources */ = {
			isa = PBXResourcesBuildPhase;
			buildActionMask = 2147483647;
			files = (
				B566178A2992BB1800D24AC2 /* LaunchScreen.storyboard in Resources */,
				B55D9F4729B71F0C0084885E /* MainFilmCollectionViewCell.xib in Resources */,
				B56617872992BB1800D24AC2 /* Assets.xcassets in Resources */,
				B56617852992BB1600D24AC2 /* Main.storyboard in Resources */,
				B55D9F4B29B735D10084885E /* FavoriteCollectionViewCell.xib in Resources */,
			);
			runOnlyForDeploymentPostprocessing = 0;
		};
		B5EA6CBA2A0103F700B1BD27 /* Resources */ = {
			isa = PBXResourcesBuildPhase;
			buildActionMask = 2147483647;
			files = (
			);
			runOnlyForDeploymentPostprocessing = 0;
		};
		B5EA6CC92A01041500B1BD27 /* Resources */ = {
			isa = PBXResourcesBuildPhase;
			buildActionMask = 2147483647;
			files = (
			);
			runOnlyForDeploymentPostprocessing = 0;
		};
		B5EA6CD62A01084D00B1BD27 /* Resources */ = {
			isa = PBXResourcesBuildPhase;
			buildActionMask = 2147483647;
			files = (
			);
			runOnlyForDeploymentPostprocessing = 0;
		};
		B5EA6CE32A01088D00B1BD27 /* Resources */ = {
			isa = PBXResourcesBuildPhase;
			buildActionMask = 2147483647;
			files = (
			);
			runOnlyForDeploymentPostprocessing = 0;
		};
/* End PBXResourcesBuildPhase section */

/* Begin PBXShellScriptBuildPhase section */
		98DB0450596EEAABB06BAAEA /* [CP] Embed Pods Frameworks */ = {
			isa = PBXShellScriptBuildPhase;
			buildActionMask = 2147483647;
			files = (
			);
			inputFileListPaths = (
				"${PODS_ROOT}/Target Support Files/Pods-FilimsAppStoryboard/Pods-FilimsAppStoryboard-frameworks-${CONFIGURATION}-input-files.xcfilelist",
			);
			name = "[CP] Embed Pods Frameworks";
			outputFileListPaths = (
				"${PODS_ROOT}/Target Support Files/Pods-FilimsAppStoryboard/Pods-FilimsAppStoryboard-frameworks-${CONFIGURATION}-output-files.xcfilelist",
			);
			runOnlyForDeploymentPostprocessing = 0;
			shellPath = /bin/sh;
			shellScript = "\"${PODS_ROOT}/Target Support Files/Pods-FilimsAppStoryboard/Pods-FilimsAppStoryboard-frameworks.sh\"\n";
			showEnvVarsInLog = 0;
		};
		B7410D631C1F37843794770E /* [CP] Check Pods Manifest.lock */ = {
			isa = PBXShellScriptBuildPhase;
			buildActionMask = 2147483647;
			files = (
			);
			inputFileListPaths = (
			);
			inputPaths = (
				"${PODS_PODFILE_DIR_PATH}/Podfile.lock",
				"${PODS_ROOT}/Manifest.lock",
			);
			name = "[CP] Check Pods Manifest.lock";
			outputFileListPaths = (
			);
			outputPaths = (
				"$(DERIVED_FILE_DIR)/Pods-FilimsAppStoryboard-checkManifestLockResult.txt",
			);
			runOnlyForDeploymentPostprocessing = 0;
			shellPath = /bin/sh;
			shellScript = "diff \"${PODS_PODFILE_DIR_PATH}/Podfile.lock\" \"${PODS_ROOT}/Manifest.lock\" > /dev/null\nif [ $? != 0 ] ; then\n    # print error to STDERR\n    echo \"error: The sandbox is not in sync with the Podfile.lock. Run 'pod install' or update your CocoaPods installation.\" >&2\n    exit 1\nfi\n# This output is used by Xcode 'outputs' to avoid re-running this script phase.\necho \"SUCCESS\" > \"${SCRIPT_OUTPUT_FILE_0}\"\n";
			showEnvVarsInLog = 0;
		};
/* End PBXShellScriptBuildPhase section */

/* Begin PBXSourcesBuildPhase section */
		B56617762992BB1600D24AC2 /* Sources */ = {
			isa = PBXSourcesBuildPhase;
			buildActionMask = 2147483647;
			files = (
				B573000729A6343600B4793A /* PosterFullViewController.swift in Sources */,
				B56617982992BC7600D24AC2 /* DetailFilmViewController.swift in Sources */,
				B56617922992BB3800D24AC2 /* JSONModel.swift in Sources */,
				B566179C2992BC9200D24AC2 /* FullPicViewController.swift in Sources */,
				B5E1224129E42A4F00D92FFE /* JSONParsingService.swift in Sources */,
				B55D9F4A29B735D10084885E /* FavoriteCollectionViewCell.swift in Sources */,
				B5684E6729AF41A600DD46D5 /* RoundingTransition.swift in Sources */,
				B5FCEF3229D2BD0100890ABF /* FilmObject.swift in Sources */,
				B5E1224329E4606300D92FFE /* IsLikedFilmObjects.swift in Sources */,
				B5A2089029EF121800EB5974 /* Note.swift in Sources */,
				B5CDDF7729A4B7F100E517A0 /* DetailFilmCollectionViewCell.swift in Sources */,
				B5FFEEED29B71B6B00BE1A65 /* Model.swift in Sources */,
				B56617962992BC6900D24AC2 /* FavoriteFilmsViewController.swift in Sources */,
				B566177E2992BB1600D24AC2 /* AppDelegate.swift in Sources */,
				B567A45329F9B27B004B3739 /* FilmPicsCollectionViewCell.swift in Sources */,
				B58E5306299393F6008E2FB5 /* MainFilmCollectionViewCell.swift in Sources */,
				B566179A2992BC8400D24AC2 /* FilmPicsViewController.swift in Sources */,
				B56617802992BB1600D24AC2 /* SceneDelegate.swift in Sources */,
				B56617942992BC5600D24AC2 /* MainViewController.swift in Sources */,
				B58CF79229D874AD00C8182D /* URLService.swift in Sources */,
			);
			runOnlyForDeploymentPostprocessing = 0;
		};
		B5EA6CB82A0103F700B1BD27 /* Sources */ = {
			isa = PBXSourcesBuildPhase;
			buildActionMask = 2147483647;
			files = (
			);
			runOnlyForDeploymentPostprocessing = 0;
		};
		B5EA6CC72A01041500B1BD27 /* Sources */ = {
			isa = PBXSourcesBuildPhase;
			buildActionMask = 2147483647;
			files = (
			);
			runOnlyForDeploymentPostprocessing = 0;
		};
		B5EA6CD42A01084D00B1BD27 /* Sources */ = {
			isa = PBXSourcesBuildPhase;
			buildActionMask = 2147483647;
			files = (
				B5EA6CDB2A01084D00B1BD27 /* FilimsAppStoryboardTestsTarget.swift in Sources */,
			);
			runOnlyForDeploymentPostprocessing = 0;
		};
		B5EA6CE12A01088D00B1BD27 /* Sources */ = {
			isa = PBXSourcesBuildPhase;
			buildActionMask = 2147483647;
			files = (
				B5EA6CEA2A01088D00B1BD27 /* FilimsAppStoryboardUITestsTargetLaunchTests.swift in Sources */,
				B5EA6CE82A01088D00B1BD27 /* FilimsAppStoryboardUITestsTarget.swift in Sources */,
			);
			runOnlyForDeploymentPostprocessing = 0;
		};
/* End PBXSourcesBuildPhase section */

/* Begin PBXTargetDependency section */
		B5EA6CC32A0103F700B1BD27 /* PBXTargetDependency */ = {
			isa = PBXTargetDependency;
			target = B56617792992BB1600D24AC2 /* FilimsAppStoryboard */;
			targetProxy = B5EA6CC22A0103F700B1BD27 /* PBXContainerItemProxy */;
		};
		B5EA6CD02A01041500B1BD27 /* PBXTargetDependency */ = {
			isa = PBXTargetDependency;
			target = B56617792992BB1600D24AC2 /* FilimsAppStoryboard */;
			targetProxy = B5EA6CCF2A01041500B1BD27 /* PBXContainerItemProxy */;
		};
		B5EA6CDD2A01084D00B1BD27 /* PBXTargetDependency */ = {
			isa = PBXTargetDependency;
			target = B56617792992BB1600D24AC2 /* FilimsAppStoryboard */;
			targetProxy = B5EA6CDC2A01084D00B1BD27 /* PBXContainerItemProxy */;
		};
		B5EA6CEC2A01088D00B1BD27 /* PBXTargetDependency */ = {
			isa = PBXTargetDependency;
			target = B56617792992BB1600D24AC2 /* FilimsAppStoryboard */;
			targetProxy = B5EA6CEB2A01088D00B1BD27 /* PBXContainerItemProxy */;
		};
/* End PBXTargetDependency section */

/* Begin PBXVariantGroup section */
		B56617832992BB1600D24AC2 /* Main.storyboard */ = {
			isa = PBXVariantGroup;
			children = (
				B56617842992BB1600D24AC2 /* Base */,
			);
			name = Main.storyboard;
			sourceTree = "<group>";
		};
		B56617882992BB1800D24AC2 /* LaunchScreen.storyboard */ = {
			isa = PBXVariantGroup;
			children = (
				B56617892992BB1800D24AC2 /* Base */,
			);
			name = LaunchScreen.storyboard;
			sourceTree = "<group>";
		};
/* End PBXVariantGroup section */

/* Begin XCBuildConfiguration section */
		B566178C2992BB1800D24AC2 /* Debug */ = {
			isa = XCBuildConfiguration;
			buildSettings = {
				ALWAYS_SEARCH_USER_PATHS = NO;
				CLANG_ANALYZER_NONNULL = YES;
				CLANG_ANALYZER_NUMBER_OBJECT_CONVERSION = YES_AGGRESSIVE;
				CLANG_CXX_LANGUAGE_STANDARD = "gnu++20";
				CLANG_ENABLE_MODULES = YES;
				CLANG_ENABLE_OBJC_ARC = YES;
				CLANG_ENABLE_OBJC_WEAK = YES;
				CLANG_WARN_BLOCK_CAPTURE_AUTORELEASING = YES;
				CLANG_WARN_BOOL_CONVERSION = YES;
				CLANG_WARN_COMMA = YES;
				CLANG_WARN_CONSTANT_CONVERSION = YES;
				CLANG_WARN_DEPRECATED_OBJC_IMPLEMENTATIONS = YES;
				CLANG_WARN_DIRECT_OBJC_ISA_USAGE = YES_ERROR;
				CLANG_WARN_DOCUMENTATION_COMMENTS = YES;
				CLANG_WARN_EMPTY_BODY = YES;
				CLANG_WARN_ENUM_CONVERSION = YES;
				CLANG_WARN_INFINITE_RECURSION = YES;
				CLANG_WARN_INT_CONVERSION = YES;
				CLANG_WARN_NON_LITERAL_NULL_CONVERSION = YES;
				CLANG_WARN_OBJC_IMPLICIT_RETAIN_SELF = YES;
				CLANG_WARN_OBJC_LITERAL_CONVERSION = YES;
				CLANG_WARN_OBJC_ROOT_CLASS = YES_ERROR;
				CLANG_WARN_QUOTED_INCLUDE_IN_FRAMEWORK_HEADER = YES;
				CLANG_WARN_RANGE_LOOP_ANALYSIS = YES;
				CLANG_WARN_STRICT_PROTOTYPES = YES;
				CLANG_WARN_SUSPICIOUS_MOVE = YES;
				CLANG_WARN_UNGUARDED_AVAILABILITY = YES_AGGRESSIVE;
				CLANG_WARN_UNREACHABLE_CODE = YES;
				CLANG_WARN__DUPLICATE_METHOD_MATCH = YES;
				COPY_PHASE_STRIP = NO;
				DEBUG_INFORMATION_FORMAT = dwarf;
				ENABLE_STRICT_OBJC_MSGSEND = YES;
				ENABLE_TESTABILITY = YES;
				GCC_C_LANGUAGE_STANDARD = gnu11;
				GCC_DYNAMIC_NO_PIC = NO;
				GCC_NO_COMMON_BLOCKS = YES;
				GCC_OPTIMIZATION_LEVEL = 0;
				GCC_PREPROCESSOR_DEFINITIONS = (
					"DEBUG=1",
					"$(inherited)",
				);
				GCC_WARN_64_TO_32_BIT_CONVERSION = YES;
				GCC_WARN_ABOUT_RETURN_TYPE = YES_ERROR;
				GCC_WARN_UNDECLARED_SELECTOR = YES;
				GCC_WARN_UNINITIALIZED_AUTOS = YES_AGGRESSIVE;
				GCC_WARN_UNUSED_FUNCTION = YES;
				GCC_WARN_UNUSED_VARIABLE = YES;
				IPHONEOS_DEPLOYMENT_TARGET = 15.0;
				MTL_ENABLE_DEBUG_INFO = INCLUDE_SOURCE;
				MTL_FAST_MATH = YES;
				ONLY_ACTIVE_ARCH = YES;
				SDKROOT = iphoneos;
				SWIFT_ACTIVE_COMPILATION_CONDITIONS = DEBUG;
				SWIFT_OPTIMIZATION_LEVEL = "-Onone";
			};
			name = Debug;
		};
		B566178D2992BB1800D24AC2 /* Release */ = {
			isa = XCBuildConfiguration;
			buildSettings = {
				ALWAYS_SEARCH_USER_PATHS = NO;
				CLANG_ANALYZER_NONNULL = YES;
				CLANG_ANALYZER_NUMBER_OBJECT_CONVERSION = YES_AGGRESSIVE;
				CLANG_CXX_LANGUAGE_STANDARD = "gnu++20";
				CLANG_ENABLE_MODULES = YES;
				CLANG_ENABLE_OBJC_ARC = YES;
				CLANG_ENABLE_OBJC_WEAK = YES;
				CLANG_WARN_BLOCK_CAPTURE_AUTORELEASING = YES;
				CLANG_WARN_BOOL_CONVERSION = YES;
				CLANG_WARN_COMMA = YES;
				CLANG_WARN_CONSTANT_CONVERSION = YES;
				CLANG_WARN_DEPRECATED_OBJC_IMPLEMENTATIONS = YES;
				CLANG_WARN_DIRECT_OBJC_ISA_USAGE = YES_ERROR;
				CLANG_WARN_DOCUMENTATION_COMMENTS = YES;
				CLANG_WARN_EMPTY_BODY = YES;
				CLANG_WARN_ENUM_CONVERSION = YES;
				CLANG_WARN_INFINITE_RECURSION = YES;
				CLANG_WARN_INT_CONVERSION = YES;
				CLANG_WARN_NON_LITERAL_NULL_CONVERSION = YES;
				CLANG_WARN_OBJC_IMPLICIT_RETAIN_SELF = YES;
				CLANG_WARN_OBJC_LITERAL_CONVERSION = YES;
				CLANG_WARN_OBJC_ROOT_CLASS = YES_ERROR;
				CLANG_WARN_QUOTED_INCLUDE_IN_FRAMEWORK_HEADER = YES;
				CLANG_WARN_RANGE_LOOP_ANALYSIS = YES;
				CLANG_WARN_STRICT_PROTOTYPES = YES;
				CLANG_WARN_SUSPICIOUS_MOVE = YES;
				CLANG_WARN_UNGUARDED_AVAILABILITY = YES_AGGRESSIVE;
				CLANG_WARN_UNREACHABLE_CODE = YES;
				CLANG_WARN__DUPLICATE_METHOD_MATCH = YES;
				COPY_PHASE_STRIP = NO;
				DEBUG_INFORMATION_FORMAT = "dwarf-with-dsym";
				ENABLE_NS_ASSERTIONS = NO;
				ENABLE_STRICT_OBJC_MSGSEND = YES;
				GCC_C_LANGUAGE_STANDARD = gnu11;
				GCC_NO_COMMON_BLOCKS = YES;
				GCC_WARN_64_TO_32_BIT_CONVERSION = YES;
				GCC_WARN_ABOUT_RETURN_TYPE = YES_ERROR;
				GCC_WARN_UNDECLARED_SELECTOR = YES;
				GCC_WARN_UNINITIALIZED_AUTOS = YES_AGGRESSIVE;
				GCC_WARN_UNUSED_FUNCTION = YES;
				GCC_WARN_UNUSED_VARIABLE = YES;
				IPHONEOS_DEPLOYMENT_TARGET = 15.0;
				MTL_ENABLE_DEBUG_INFO = NO;
				MTL_FAST_MATH = YES;
				SDKROOT = iphoneos;
				SWIFT_COMPILATION_MODE = wholemodule;
				SWIFT_OPTIMIZATION_LEVEL = "-O";
				VALIDATE_PRODUCT = YES;
			};
			name = Release;
		};
		B566178F2992BB1800D24AC2 /* Debug */ = {
			isa = XCBuildConfiguration;
			baseConfigurationReference = 7847526721F10186F159740A /* Pods-FilimsAppStoryboard.debug.xcconfig */;
			buildSettings = {
				ASSETCATALOG_COMPILER_APPICON_NAME = AppIcon;
				ASSETCATALOG_COMPILER_GLOBAL_ACCENT_COLOR_NAME = AccentColor;
				CODE_SIGN_STYLE = Automatic;
				CURRENT_PROJECT_VERSION = 1;
				DEVELOPMENT_TEAM = FN66JN9TVU;
				GENERATE_INFOPLIST_FILE = YES;
				INFOPLIST_FILE = FilimsAppStoryboard/Info.plist;
				INFOPLIST_KEY_UIApplicationSupportsIndirectInputEvents = YES;
				INFOPLIST_KEY_UILaunchStoryboardName = LaunchScreen;
				INFOPLIST_KEY_UIMainStoryboardFile = Main;
				INFOPLIST_KEY_UISupportedInterfaceOrientations_iPad = "UIInterfaceOrientationPortrait UIInterfaceOrientationPortraitUpsideDown UIInterfaceOrientationLandscapeLeft UIInterfaceOrientationLandscapeRight";
				INFOPLIST_KEY_UISupportedInterfaceOrientations_iPhone = "UIInterfaceOrientationPortrait UIInterfaceOrientationLandscapeLeft UIInterfaceOrientationLandscapeRight";
				IPHONEOS_DEPLOYMENT_TARGET = 15.0;
				LD_RUNPATH_SEARCH_PATHS = (
					"$(inherited)",
					"@executable_path/Frameworks",
				);
				MARKETING_VERSION = 1.0;
				PRODUCT_BUNDLE_IDENTIFIER = uz.IsmailovRuslan.FilimsAppStoryboard;
				PRODUCT_NAME = "$(TARGET_NAME)";
				SUPPORTED_PLATFORMS = "iphoneos iphonesimulator";
				SUPPORTS_MACCATALYST = NO;
				SUPPORTS_MAC_DESIGNED_FOR_IPHONE_IPAD = NO;
				SWIFT_EMIT_LOC_STRINGS = YES;
				SWIFT_VERSION = 5.0;
				TARGETED_DEVICE_FAMILY = "1,2";
			};
			name = Debug;
		};
		B56617902992BB1800D24AC2 /* Release */ = {
			isa = XCBuildConfiguration;
			baseConfigurationReference = E0387FA2FD02A714D5DB5E42 /* Pods-FilimsAppStoryboard.release.xcconfig */;
			buildSettings = {
				ASSETCATALOG_COMPILER_APPICON_NAME = AppIcon;
				ASSETCATALOG_COMPILER_GLOBAL_ACCENT_COLOR_NAME = AccentColor;
				CODE_SIGN_STYLE = Automatic;
				CURRENT_PROJECT_VERSION = 1;
				DEVELOPMENT_TEAM = FN66JN9TVU;
				GENERATE_INFOPLIST_FILE = YES;
				INFOPLIST_FILE = FilimsAppStoryboard/Info.plist;
				INFOPLIST_KEY_UIApplicationSupportsIndirectInputEvents = YES;
				INFOPLIST_KEY_UILaunchStoryboardName = LaunchScreen;
				INFOPLIST_KEY_UIMainStoryboardFile = Main;
				INFOPLIST_KEY_UISupportedInterfaceOrientations_iPad = "UIInterfaceOrientationPortrait UIInterfaceOrientationPortraitUpsideDown UIInterfaceOrientationLandscapeLeft UIInterfaceOrientationLandscapeRight";
				INFOPLIST_KEY_UISupportedInterfaceOrientations_iPhone = "UIInterfaceOrientationPortrait UIInterfaceOrientationLandscapeLeft UIInterfaceOrientationLandscapeRight";
				IPHONEOS_DEPLOYMENT_TARGET = 15.0;
				LD_RUNPATH_SEARCH_PATHS = (
					"$(inherited)",
					"@executable_path/Frameworks",
				);
				MARKETING_VERSION = 1.0;
				PRODUCT_BUNDLE_IDENTIFIER = uz.IsmailovRuslan.FilimsAppStoryboard;
				PRODUCT_NAME = "$(TARGET_NAME)";
				SUPPORTED_PLATFORMS = "iphoneos iphonesimulator";
				SUPPORTS_MACCATALYST = NO;
				SUPPORTS_MAC_DESIGNED_FOR_IPHONE_IPAD = NO;
				SWIFT_EMIT_LOC_STRINGS = YES;
				SWIFT_VERSION = 5.0;
				TARGETED_DEVICE_FAMILY = "1,2";
			};
			name = Release;
		};
		B5EA6CC42A0103F700B1BD27 /* Debug */ = {
			isa = XCBuildConfiguration;
			buildSettings = {
				CODE_SIGN_STYLE = Automatic;
				CURRENT_PROJECT_VERSION = 1;
				DEVELOPMENT_TEAM = FN66JN9TVU;
				GENERATE_INFOPLIST_FILE = YES;
				IPHONEOS_DEPLOYMENT_TARGET = 15.0;
				MARKETING_VERSION = 1.0;
				PRODUCT_BUNDLE_IDENTIFIER = uz.IsmailovRuslan.FilimsAppStoryboardUITests;
				PRODUCT_NAME = "$(TARGET_NAME)";
				SWIFT_EMIT_LOC_STRINGS = NO;
				SWIFT_VERSION = 5.0;
				TARGETED_DEVICE_FAMILY = "1,2";
				TEST_TARGET_NAME = FilimsAppStoryboard;
			};
			name = Debug;
		};
		B5EA6CC52A0103F700B1BD27 /* Release */ = {
			isa = XCBuildConfiguration;
			buildSettings = {
				CODE_SIGN_STYLE = Automatic;
				CURRENT_PROJECT_VERSION = 1;
				DEVELOPMENT_TEAM = FN66JN9TVU;
				GENERATE_INFOPLIST_FILE = YES;
				IPHONEOS_DEPLOYMENT_TARGET = 15.0;
				MARKETING_VERSION = 1.0;
				PRODUCT_BUNDLE_IDENTIFIER = uz.IsmailovRuslan.FilimsAppStoryboardUITests;
				PRODUCT_NAME = "$(TARGET_NAME)";
				SWIFT_EMIT_LOC_STRINGS = NO;
				SWIFT_VERSION = 5.0;
				TARGETED_DEVICE_FAMILY = "1,2";
				TEST_TARGET_NAME = FilimsAppStoryboard;
			};
			name = Release;
		};
		B5EA6CD22A01041500B1BD27 /* Debug */ = {
			isa = XCBuildConfiguration;
			buildSettings = {
				BUNDLE_LOADER = "$(TEST_HOST)";
				CODE_SIGN_STYLE = Automatic;
				CURRENT_PROJECT_VERSION = 1;
				DEVELOPMENT_TEAM = FN66JN9TVU;
				GENERATE_INFOPLIST_FILE = YES;
				IPHONEOS_DEPLOYMENT_TARGET = 15.0;
				MARKETING_VERSION = 1.0;
				PRODUCT_BUNDLE_IDENTIFIER = uz.IsmailovRuslan.FilimsAppStoryboardTests;
				PRODUCT_NAME = "$(TARGET_NAME)";
				SWIFT_EMIT_LOC_STRINGS = NO;
				SWIFT_VERSION = 5.0;
				TARGETED_DEVICE_FAMILY = "1,2";
				TEST_HOST = "$(BUILT_PRODUCTS_DIR)/FilimsAppStoryboard.app/$(BUNDLE_EXECUTABLE_FOLDER_PATH)/FilimsAppStoryboard";
			};
			name = Debug;
		};
		B5EA6CD32A01041500B1BD27 /* Release */ = {
			isa = XCBuildConfiguration;
			buildSettings = {
				BUNDLE_LOADER = "$(TEST_HOST)";
				CODE_SIGN_STYLE = Automatic;
				CURRENT_PROJECT_VERSION = 1;
				DEVELOPMENT_TEAM = FN66JN9TVU;
				GENERATE_INFOPLIST_FILE = YES;
				IPHONEOS_DEPLOYMENT_TARGET = 15.0;
				MARKETING_VERSION = 1.0;
				PRODUCT_BUNDLE_IDENTIFIER = uz.IsmailovRuslan.FilimsAppStoryboardTests;
				PRODUCT_NAME = "$(TARGET_NAME)";
				SWIFT_EMIT_LOC_STRINGS = NO;
				SWIFT_VERSION = 5.0;
				TARGETED_DEVICE_FAMILY = "1,2";
				TEST_HOST = "$(BUILT_PRODUCTS_DIR)/FilimsAppStoryboard.app/$(BUNDLE_EXECUTABLE_FOLDER_PATH)/FilimsAppStoryboard";
			};
			name = Release;
		};
		B5EA6CDF2A01084D00B1BD27 /* Debug */ = {
			isa = XCBuildConfiguration;
			buildSettings = {
				BUNDLE_LOADER = "$(TEST_HOST)";
				CODE_SIGN_STYLE = Automatic;
				CURRENT_PROJECT_VERSION = 1;
				DEVELOPMENT_TEAM = FN66JN9TVU;
				GENERATE_INFOPLIST_FILE = YES;
				IPHONEOS_DEPLOYMENT_TARGET = 15.0;
				MACOSX_DEPLOYMENT_TARGET = 13.3;
				MARKETING_VERSION = 1.0;
				PRODUCT_BUNDLE_IDENTIFIER = uz.IsmailovRuslan.FilimsAppStoryboardTestsTarget;
				PRODUCT_NAME = "$(TARGET_NAME)";
				SDKROOT = auto;
				SUPPORTED_PLATFORMS = "iphoneos iphonesimulator macosx";
				SWIFT_EMIT_LOC_STRINGS = NO;
				SWIFT_VERSION = 5.0;
				TARGETED_DEVICE_FAMILY = "1,2";
				TEST_HOST = "$(BUILT_PRODUCTS_DIR)/FilimsAppStoryboard.app/$(BUNDLE_EXECUTABLE_FOLDER_PATH)/FilimsAppStoryboard";
			};
			name = Debug;
		};
		B5EA6CE02A01084D00B1BD27 /* Release */ = {
			isa = XCBuildConfiguration;
			buildSettings = {
				BUNDLE_LOADER = "$(TEST_HOST)";
				CODE_SIGN_STYLE = Automatic;
				CURRENT_PROJECT_VERSION = 1;
				DEVELOPMENT_TEAM = FN66JN9TVU;
				GENERATE_INFOPLIST_FILE = YES;
				IPHONEOS_DEPLOYMENT_TARGET = 15.0;
				MACOSX_DEPLOYMENT_TARGET = 13.3;
				MARKETING_VERSION = 1.0;
				PRODUCT_BUNDLE_IDENTIFIER = uz.IsmailovRuslan.FilimsAppStoryboardTestsTarget;
				PRODUCT_NAME = "$(TARGET_NAME)";
				SDKROOT = auto;
				SUPPORTED_PLATFORMS = "iphoneos iphonesimulator macosx";
				SWIFT_EMIT_LOC_STRINGS = NO;
				SWIFT_VERSION = 5.0;
				TARGETED_DEVICE_FAMILY = "1,2";
				TEST_HOST = "$(BUILT_PRODUCTS_DIR)/FilimsAppStoryboard.app/$(BUNDLE_EXECUTABLE_FOLDER_PATH)/FilimsAppStoryboard";
			};
			name = Release;
		};
		B5EA6CEE2A01088D00B1BD27 /* Debug */ = {
			isa = XCBuildConfiguration;
			buildSettings = {
				CODE_SIGN_STYLE = Automatic;
				CURRENT_PROJECT_VERSION = 1;
				DEVELOPMENT_TEAM = FN66JN9TVU;
				GENERATE_INFOPLIST_FILE = YES;
				IPHONEOS_DEPLOYMENT_TARGET = 15.0;
				MARKETING_VERSION = 1.0;
				PRODUCT_BUNDLE_IDENTIFIER = uz.IsmailovRuslan.FilimsAppStoryboardUITestsTarget;
				PRODUCT_NAME = "$(TARGET_NAME)";
				SWIFT_EMIT_LOC_STRINGS = NO;
				SWIFT_VERSION = 5.0;
				TARGETED_DEVICE_FAMILY = "1,2";
				TEST_TARGET_NAME = FilimsAppStoryboard;
			};
			name = Debug;
		};
		B5EA6CEF2A01088D00B1BD27 /* Release */ = {
			isa = XCBuildConfiguration;
			buildSettings = {
				CODE_SIGN_STYLE = Automatic;
				CURRENT_PROJECT_VERSION = 1;
				DEVELOPMENT_TEAM = FN66JN9TVU;
				GENERATE_INFOPLIST_FILE = YES;
				IPHONEOS_DEPLOYMENT_TARGET = 15.0;
				MARKETING_VERSION = 1.0;
				PRODUCT_BUNDLE_IDENTIFIER = uz.IsmailovRuslan.FilimsAppStoryboardUITestsTarget;
				PRODUCT_NAME = "$(TARGET_NAME)";
				SWIFT_EMIT_LOC_STRINGS = NO;
				SWIFT_VERSION = 5.0;
				TARGETED_DEVICE_FAMILY = "1,2";
				TEST_TARGET_NAME = FilimsAppStoryboard;
			};
			name = Release;
		};
/* End XCBuildConfiguration section */

/* Begin XCConfigurationList section */
		B56617752992BB1600D24AC2 /* Build configuration list for PBXProject "FilimsAppStoryboard" */ = {
			isa = XCConfigurationList;
			buildConfigurations = (
				B566178C2992BB1800D24AC2 /* Debug */,
				B566178D2992BB1800D24AC2 /* Release */,
			);
			defaultConfigurationIsVisible = 0;
			defaultConfigurationName = Release;
		};
		B566178E2992BB1800D24AC2 /* Build configuration list for PBXNativeTarget "FilimsAppStoryboard" */ = {
			isa = XCConfigurationList;
			buildConfigurations = (
				B566178F2992BB1800D24AC2 /* Debug */,
				B56617902992BB1800D24AC2 /* Release */,
			);
			defaultConfigurationIsVisible = 0;
			defaultConfigurationName = Release;
		};
		B5EA6CC62A0103F700B1BD27 /* Build configuration list for PBXNativeTarget "FilimsAppStoryboardUITests" */ = {
			isa = XCConfigurationList;
			buildConfigurations = (
				B5EA6CC42A0103F700B1BD27 /* Debug */,
				B5EA6CC52A0103F700B1BD27 /* Release */,
			);
			defaultConfigurationIsVisible = 0;
			defaultConfigurationName = Release;
		};
		B5EA6CD12A01041500B1BD27 /* Build configuration list for PBXNativeTarget "FilimsAppStoryboardTests" */ = {
			isa = XCConfigurationList;
			buildConfigurations = (
				B5EA6CD22A01041500B1BD27 /* Debug */,
				B5EA6CD32A01041500B1BD27 /* Release */,
			);
			defaultConfigurationIsVisible = 0;
			defaultConfigurationName = Release;
		};
		B5EA6CDE2A01084D00B1BD27 /* Build configuration list for PBXNativeTarget "FilimsAppStoryboardTestsTarget" */ = {
			isa = XCConfigurationList;
			buildConfigurations = (
				B5EA6CDF2A01084D00B1BD27 /* Debug */,
				B5EA6CE02A01084D00B1BD27 /* Release */,
			);
			defaultConfigurationIsVisible = 0;
			defaultConfigurationName = Release;
		};
		B5EA6CED2A01088D00B1BD27 /* Build configuration list for PBXNativeTarget "FilimsAppStoryboardUITestsTarget" */ = {
			isa = XCConfigurationList;
			buildConfigurations = (
				B5EA6CEE2A01088D00B1BD27 /* Debug */,
				B5EA6CEF2A01088D00B1BD27 /* Release */,
			);
			defaultConfigurationIsVisible = 0;
			defaultConfigurationName = Release;
		};
/* End XCConfigurationList section */
	};
	rootObject = B56617722992BB1600D24AC2 /* Project object */;
}
